# This file was autogenerated by Stack.
# You should not edit this file by hand.
# For more information, please see the documentation at:
#   https://docs.haskellstack.org/en/stable/topics/lock_files

packages:
- completed:
    hackage: crem-0.1.0.0@sha256:59802923990f768b089c5593e86b3ecf268545717514c88850ad1db015c51baf,13083
    pantry-tree:
      sha256: 65c5c4c9ff277cd7dbdc492146098b0a947741c57555fd0f4b68537049d50916
      size: 2434
  original:
    hackage: crem-0.1.0.0
- completed:
    hackage: generic-override-0.4.0.0@sha256:7369132cccf374206b76afbbd321ff617ba26662b26854a3789985d170276531,1500
    pantry-tree:
      sha256: 5a3c88518972475eeca0ad0abeb03d8bfcfa3dba3dec4346eebfecf930536ade
      size: 524
  original:
    hackage: generic-override-0.4.0.0
snapshots:
- completed:
    sha256: 08bd13ce621b41a8f5e51456b38d5b46d7783ce114a50ab604d6bbab0d002146
    size: 720271
    url: https://raw.githubusercontent.com/commercialhaskell/stackage-snapshots/master/lts/22/43.yaml
  original: lts-22.43
