# This file was autogenerated by Stack.
# You should not edit this file by hand.
# For more information, please see the documentation at:
#   https://docs.haskellstack.org/en/stable/topics/lock_files

packages:
- completed:
    commit: b2a7fd79ad96267e934261b5b9f05aa81f23da1c
    git: https://github.com/marcosh/crem.git
    name: crem
    pantry-tree:
      sha256: 64cebbc7d083dc922f24907d8e22437b0cc63b59af9fb606db90d0c64b6b7032
      size: 5062
    version: 0.1.0.0
  original:
    commit: b2a7fd79ad96267e934261b5b9f05aa81f23da1c
    git: https://github.com/marcosh/crem.git
snapshots:
- completed:
    sha256: 08bd13ce621b41a8f5e51456b38d5b46d7783ce114a50ab604d6bbab0d002146
    size: 720271
    url: https://raw.githubusercontent.com/commercialhaskell/stackage-snapshots/master/lts/22/43.yaml
  original: lts-22.43
